<?xml version="1.0" encoding="utf-8"?>
<Project ToolsVersion="4.0" xmlns="http://schemas.microsoft.com/developer/msbuild/2003">
  <ItemGroup>
    <Filter Include="Исходные файлы">
      <UniqueIdentifier>{4FC737F1-C7A5-4376-A066-2A32D752A2FF}</UniqueIdentifier>
      <Extensions>cpp;c;cc;cxx;c++;cppm;ixx;def;odl;idl;hpj;bat;asm;asmx</Extensions>
    </Filter>
    <Filter Include="Файлы заголовков">
      <UniqueIdentifier>{93995380-89BD-4b04-88EB-625FBE52EBFB}</UniqueIdentifier>
      <Extensions>h;hh;hpp;hxx;h++;hm;inl;inc;ipp;xsd</Extensions>
    </Filter>
    <Filter Include="Файлы ресурсов">
      <UniqueIdentifier>{67DA6AB6-F800-4c08-8B7A-83BB121AAD01}</UniqueIdentifier>
      <Extensions>rc;ico;cur;bmp;dlg;rc2;rct;bin;rgs;gif;jpg;jpeg;jpe;resx;tiff;tif;png;wav;mfcribbon-ms</Extensions>
    </Filter>
    <Filter Include="Исходные файлы\Model">
      <UniqueIdentifier>{710999fa-7211-4e5d-817e-dc8f91906720}</UniqueIdentifier>
    </Filter>
    <Filter Include="Файлы заголовков\Model">
      <UniqueIdentifier>{145be29e-e576-41a8-9b08-1597fbdc9af9}</UniqueIdentifier>
    </Filter>
    <Filter Include="Исходные файлы\Controller">
      <UniqueIdentifier>{0371072d-b386-4db5-bf24-b445997d98bd}</UniqueIdentifier>
    </Filter>
    <Filter Include="Файлы заголовков\Controller">
      <UniqueIdentifier>{61822483-c10e-434b-a22c-fa65298b58ec}</UniqueIdentifier>
    </Filter>
    <Filter Include="Файлы заголовков\View">
      <UniqueIdentifier>{f2dd438b-f2c2-4336-a488-6a1a623ff908}</UniqueIdentifier>
    </Filter>
    <Filter Include="Исходные файлы\View">
      <UniqueIdentifier>{f97d9f33-ac72-4bcc-acdc-f6f534af31ed}</UniqueIdentifier>
    </Filter>
  </ItemGroup>
  <ItemGroup>
    <ClInclude Include="Model\ComputerPlayer.h">
      <Filter>Файлы заголовков\Model</Filter>
    </ClInclude>
    <ClInclude Include="Model\TicTacToe.h">
      <Filter>Файлы заголовков\Model</Filter>
    </ClInclude>
    <ClInclude Include="Model\HumanPlayer.h">
      <Filter>Файлы заголовков\Model</Filter>
    </ClInclude>
    <ClInclude Include="Model\Field.h">
      <Filter>Файлы заголовков\Model</Filter>
    </ClInclude>
    <ClInclude Include="Controller\Controller.h">
      <Filter>Файлы заголовков\Controller</Filter>
    </ClInclude>
    <ClInclude Include="Model\Symbol.h">
      <Filter>Файлы заголовков\Model</Filter>
    </ClInclude>
    <ClInclude Include="View\Button.h">
      <Filter>Файлы заголовков\View</Filter>
    </ClInclude>
    <ClInclude Include="View\View.h">
      <Filter>Файлы заголовков\View</Filter>
    </ClInclude>
  </ItemGroup>
  <ItemGroup>
    <ClCompile Include="main.cpp">
      <Filter>Исходные файлы</Filter>
    </ClCompile>
    <ClCompile Include="Model\TicTacToe.cpp">
      <Filter>Исходные файлы\Model</Filter>
    </ClCompile>
    <ClCompile Include="Model\Field.cpp">
      <Filter>Исходные файлы\Model</Filter>
    </ClCompile>
    <ClCompile Include="Model\HumanPlayer.cpp">
      <Filter>Исходные файлы\Model</Filter>
    </ClCompile>
    <ClCompile Include="Model\ComputerPlayer.cpp">
      <Filter>Исходные файлы\Model</Filter>
    </ClCompile>
    <ClCompile Include="Controller\Controller.cpp">
      <Filter>Исходные файлы\Controller</Filter>
    </ClCompile>
    <ClCompile Include="View\Button.cpp">
      <Filter>Исходные файлы\View</Filter>
    </ClCompile>
    <ClCompile Include="View\View.cpp">
      <Filter>Исходные файлы\View</Filter>
    </ClCompile>
  </ItemGroup>
</Project>